// !$*UTF8*$!
{
	archiveVersion = 1;
	classes = {
	};
	objectVersion = 46;
	objects = {

/* Begin PBXBuildFile section */
		B6EE8E461C075AA700E06219 /* AppDelegate.swift in Sources */ = {isa = PBXBuildFile; fileRef = B6EE8E451C075AA700E06219 /* AppDelegate.swift */; };
		B6EE8E481C075AA700E06219 /* ViewController.swift in Sources */ = {isa = PBXBuildFile; fileRef = B6EE8E471C075AA700E06219 /* ViewController.swift */; };
		B6EE8E4B1C075AA700E06219 /* Main.storyboard in Resources */ = {isa = PBXBuildFile; fileRef = B6EE8E491C075AA700E06219 /* Main.storyboard */; };
		B6EE8E4D1C075AA700E06219 /* Assets.xcassets in Resources */ = {isa = PBXBuildFile; fileRef = B6EE8E4C1C075AA700E06219 /* Assets.xcassets */; };
		B6EE8E501C075AA700E06219 /* LaunchScreen.storyboard in Resources */ = {isa = PBXBuildFile; fileRef = B6EE8E4E1C075AA700E06219 /* LaunchScreen.storyboard */; };
		B6EE8E5B1C075AA700E06219 /* SocialSharingFunTests.swift in Sources */ = {isa = PBXBuildFile; fileRef = B6EE8E5A1C075AA700E06219 /* SocialSharingFunTests.swift */; };
		B6EE8E661C075AA700E06219 /* SocialSharingFunUITests.swift in Sources */ = {isa = PBXBuildFile; fileRef = B6EE8E651C075AA700E06219 /* SocialSharingFunUITests.swift */; };
		B6EE8E741C075ABE00E06219 /* Social.framework in Frameworks */ = {isa = PBXBuildFile; fileRef = B6EE8E731C075ABE00E06219 /* Social.framework */; };
		B6EE8E7A1C076D7700E06219 /* Fabric.framework in Frameworks */ = {isa = PBXBuildFile; fileRef = B6EE8E761C076D7700E06219 /* Fabric.framework */; settings = {ASSET_TAGS = (); }; };
		B6EE8E7B1C076D7700E06219 /* TwitterKit.framework in Frameworks */ = {isa = PBXBuildFile; fileRef = B6EE8E771C076D7700E06219 /* TwitterKit.framework */; settings = {ASSET_TAGS = (); }; };
		B6EE8E7C1C076D7700E06219 /* TwitterKitResources.bundle in Resources */ = {isa = PBXBuildFile; fileRef = B6EE8E781C076D7700E06219 /* TwitterKitResources.bundle */; settings = {ASSET_TAGS = (); }; };
		B6EE8E7D1C076D7700E06219 /* TwitterCore.framework in Frameworks */ = {isa = PBXBuildFile; fileRef = B6EE8E791C076D7700E06219 /* TwitterCore.framework */; settings = {ASSET_TAGS = (); }; };
/* End PBXBuildFile section */

/* Begin PBXContainerItemProxy section */
		B6EE8E571C075AA700E06219 /* PBXContainerItemProxy */ = {
			isa = PBXContainerItemProxy;
			containerPortal = B6EE8E3A1C075AA700E06219 /* Project object */;
			proxyType = 1;
			remoteGlobalIDString = B6EE8E411C075AA700E06219;
			remoteInfo = SocialSharingFun;
		};
		B6EE8E621C075AA700E06219 /* PBXContainerItemProxy */ = {
			isa = PBXContainerItemProxy;
			containerPortal = B6EE8E3A1C075AA700E06219 /* Project object */;
			proxyType = 1;
			remoteGlobalIDString = B6EE8E411C075AA700E06219;
			remoteInfo = SocialSharingFun;
		};
/* End PBXContainerItemProxy section */

/* Begin PBXFileReference section */
		B6EE8E421C075AA700E06219 /* SocialSharingFun.app */ = {isa = PBXFileReference; explicitFileType = wrapper.application; includeInIndex = 0; path = SocialSharingFun.app; sourceTree = BUILT_PRODUCTS_DIR; };
		B6EE8E451C075AA700E06219 /* AppDelegate.swift */ = {isa = PBXFileReference; lastKnownFileType = sourcecode.swift; path = AppDelegate.swift; sourceTree = "<group>"; };
		B6EE8E471C075AA700E06219 /* ViewController.swift */ = {isa = PBXFileReference; lastKnownFileType = sourcecode.swift; path = ViewController.swift; sourceTree = "<group>"; };
		B6EE8E4A1C075AA700E06219 /* Base */ = {isa = PBXFileReference; lastKnownFileType = file.storyboard; name = Base; path = Base.lproj/Main.storyboard; sourceTree = "<group>"; };
		B6EE8E4C1C075AA700E06219 /* Assets.xcassets */ = {isa = PBXFileReference; lastKnownFileType = folder.assetcatalog; path = Assets.xcassets; sourceTree = "<group>"; };
		B6EE8E4F1C075AA700E06219 /* Base */ = {isa = PBXFileReference; lastKnownFileType = file.storyboard; name = Base; path = Base.lproj/LaunchScreen.storyboard; sourceTree = "<group>"; };
		B6EE8E511C075AA700E06219 /* Info.plist */ = {isa = PBXFileReference; lastKnownFileType = text.plist.xml; path = Info.plist; sourceTree = "<group>"; };
		B6EE8E561C075AA700E06219 /* SocialSharingFunTests.xctest */ = {isa = PBXFileReference; explicitFileType = wrapper.cfbundle; includeInIndex = 0; path = SocialSharingFunTests.xctest; sourceTree = BUILT_PRODUCTS_DIR; };
		B6EE8E5A1C075AA700E06219 /* SocialSharingFunTests.swift */ = {isa = PBXFileReference; lastKnownFileType = sourcecode.swift; path = SocialSharingFunTests.swift; sourceTree = "<group>"; };
		B6EE8E5C1C075AA700E06219 /* Info.plist */ = {isa = PBXFileReference; lastKnownFileType = text.plist.xml; path = Info.plist; sourceTree = "<group>"; };
		B6EE8E611C075AA700E06219 /* SocialSharingFunUITests.xctest */ = {isa = PBXFileReference; explicitFileType = wrapper.cfbundle; includeInIndex = 0; path = SocialSharingFunUITests.xctest; sourceTree = BUILT_PRODUCTS_DIR; };
		B6EE8E651C075AA700E06219 /* SocialSharingFunUITests.swift */ = {isa = PBXFileReference; lastKnownFileType = sourcecode.swift; path = SocialSharingFunUITests.swift; sourceTree = "<group>"; };
		B6EE8E671C075AA700E06219 /* Info.plist */ = {isa = PBXFileReference; lastKnownFileType = text.plist.xml; path = Info.plist; sourceTree = "<group>"; };
		B6EE8E731C075ABE00E06219 /* Social.framework */ = {isa = PBXFileReference; lastKnownFileType = wrapper.framework; name = Social.framework; path = System/Library/Frameworks/Social.framework; sourceTree = SDKROOT; };
		B6EE8E761C076D7700E06219 /* Fabric.framework */ = {isa = PBXFileReference; lastKnownFileType = wrapper.framework; path = Fabric.framework; sourceTree = SOURCE_ROOT; };
		B6EE8E771C076D7700E06219 /* TwitterKit.framework */ = {isa = PBXFileReference; lastKnownFileType = wrapper.framework; path = TwitterKit.framework; sourceTree = SOURCE_ROOT; };
		B6EE8E781C076D7700E06219 /* TwitterKitResources.bundle */ = {isa = PBXFileReference; lastKnownFileType = "wrapper.plug-in"; name = TwitterKitResources.bundle; path = TwitterKit.framework/Versions/A/Resources/TwitterKitResources.bundle; sourceTree = SOURCE_ROOT; };
		B6EE8E791C076D7700E06219 /* TwitterCore.framework */ = {isa = PBXFileReference; lastKnownFileType = wrapper.framework; path = TwitterCore.framework; sourceTree = SOURCE_ROOT; };
/* End PBXFileReference section */

/* Begin PBXFrameworksBuildPhase section */
		B6EE8E3F1C075AA700E06219 /* Frameworks */ = {
			isa = PBXFrameworksBuildPhase;
			buildActionMask = 2147483647;
			files = (
				B6EE8E741C075ABE00E06219 /* Social.framework in Frameworks */,
				B6EE8E7D1C076D7700E06219 /* TwitterCore.framework in Frameworks */,
				B6EE8E7A1C076D7700E06219 /* Fabric.framework in Frameworks */,
				B6EE8E7B1C076D7700E06219 /* TwitterKit.framework in Frameworks */,
			);
			runOnlyForDeploymentPostprocessing = 0;
		};
		B6EE8E531C075AA700E06219 /* Frameworks */ = {
			isa = PBXFrameworksBuildPhase;
			buildActionMask = 2147483647;
			files = (
			);
			runOnlyForDeploymentPostprocessing = 0;
		};
		B6EE8E5E1C075AA700E06219 /* Frameworks */ = {
			isa = PBXFrameworksBuildPhase;
			buildActionMask = 2147483647;
			files = (
			);
			runOnlyForDeploymentPostprocessing = 0;
		};
/* End PBXFrameworksBuildPhase section */

/* Begin PBXGroup section */
		B6EE8E391C075AA700E06219 = {
			isa = PBXGroup;
			children = (
				B6EE8E731C075ABE00E06219 /* Social.framework */,
				B6EE8E441C075AA700E06219 /* SocialSharingFun */,
				B6EE8E591C075AA700E06219 /* SocialSharingFunTests */,
				B6EE8E641C075AA700E06219 /* SocialSharingFunUITests */,
				B6EE8E431C075AA700E06219 /* Products */,
			);
			sourceTree = "<group>";
		};
		B6EE8E431C075AA700E06219 /* Products */ = {
			isa = PBXGroup;
			children = (
				B6EE8E421C075AA700E06219 /* SocialSharingFun.app */,
				B6EE8E561C075AA700E06219 /* SocialSharingFunTests.xctest */,
				B6EE8E611C075AA700E06219 /* SocialSharingFunUITests.xctest */,
			);
			name = Products;
			sourceTree = "<group>";
		};
		B6EE8E441C075AA700E06219 /* SocialSharingFun */ = {
			isa = PBXGroup;
			children = (
				B6EE8E451C075AA700E06219 /* AppDelegate.swift */,
				B6EE8E471C075AA700E06219 /* ViewController.swift */,
				B6EE8E491C075AA700E06219 /* Main.storyboard */,
				B6EE8E4C1C075AA700E06219 /* Assets.xcassets */,
				B6EE8E4E1C075AA700E06219 /* LaunchScreen.storyboard */,
				B6EE8E511C075AA700E06219 /* Info.plist */,
				B6EE8E761C076D7700E06219 /* Fabric.framework */,
				B6EE8E771C076D7700E06219 /* TwitterKit.framework */,
				B6EE8E781C076D7700E06219 /* TwitterKitResources.bundle */,
				B6EE8E791C076D7700E06219 /* TwitterCore.framework */,
			);
			path = SocialSharingFun;
			sourceTree = "<group>";
		};
		B6EE8E591C075AA700E06219 /* SocialSharingFunTests */ = {
			isa = PBXGroup;
			children = (
				B6EE8E5A1C075AA700E06219 /* SocialSharingFunTests.swift */,
				B6EE8E5C1C075AA700E06219 /* Info.plist */,
			);
			path = SocialSharingFunTests;
			sourceTree = "<group>";
		};
		B6EE8E641C075AA700E06219 /* SocialSharingFunUITests */ = {
			isa = PBXGroup;
			children = (
				B6EE8E651C075AA700E06219 /* SocialSharingFunUITests.swift */,
				B6EE8E671C075AA700E06219 /* Info.plist */,
			);
			path = SocialSharingFunUITests;
			sourceTree = "<group>";
		};
/* End PBXGroup section */

/* Begin PBXNativeTarget section */
		B6EE8E411C075AA700E06219 /* SocialSharingFun */ = {
			isa = PBXNativeTarget;
			buildConfigurationList = B6EE8E6A1C075AA700E06219 /* Build configuration list for PBXNativeTarget "SocialSharingFun" */;
			buildPhases = (
				B6EE8E3E1C075AA700E06219 /* Sources */,
				B6EE8E3F1C075AA700E06219 /* Frameworks */,
				B6EE8E401C075AA700E06219 /* Resources */,
				B6EE8E751C076CF200E06219 /* ShellScript */,
			);
			buildRules = (
			);
			dependencies = (
			);
			name = SocialSharingFun;
			productName = SocialSharingFun;
			productReference = B6EE8E421C075AA700E06219 /* SocialSharingFun.app */;
			productType = "com.apple.product-type.application";
		};
		B6EE8E551C075AA700E06219 /* SocialSharingFunTests */ = {
			isa = PBXNativeTarget;
			buildConfigurationList = B6EE8E6D1C075AA700E06219 /* Build configuration list for PBXNativeTarget "SocialSharingFunTests" */;
			buildPhases = (
				B6EE8E521C075AA700E06219 /* Sources */,
				B6EE8E531C075AA700E06219 /* Frameworks */,
				B6EE8E541C075AA700E06219 /* Resources */,
			);
			buildRules = (
			);
			dependencies = (
				B6EE8E581C075AA700E06219 /* PBXTargetDependency */,
			);
			name = SocialSharingFunTests;
			productName = SocialSharingFunTests;
			productReference = B6EE8E561C075AA700E06219 /* SocialSharingFunTests.xctest */;
			productType = "com.apple.product-type.bundle.unit-test";
		};
		B6EE8E601C075AA700E06219 /* SocialSharingFunUITests */ = {
			isa = PBXNativeTarget;
			buildConfigurationList = B6EE8E701C075AA700E06219 /* Build configuration list for PBXNativeTarget "SocialSharingFunUITests" */;
			buildPhases = (
				B6EE8E5D1C075AA700E06219 /* Sources */,
				B6EE8E5E1C075AA700E06219 /* Frameworks */,
				B6EE8E5F1C075AA700E06219 /* Resources */,
			);
			buildRules = (
			);
			dependencies = (
				B6EE8E631C075AA700E06219 /* PBXTargetDependency */,
			);
			name = SocialSharingFunUITests;
			productName = SocialSharingFunUITests;
			productReference = B6EE8E611C075AA700E06219 /* SocialSharingFunUITests.xctest */;
			productType = "com.apple.product-type.bundle.ui-testing";
		};
/* End PBXNativeTarget section */

/* Begin PBXProject section */
		B6EE8E3A1C075AA700E06219 /* Project object */ = {
			isa = PBXProject;
			attributes = {
				LastUpgradeCheck = 0700;
				ORGANIZATIONNAME = HConnery;
				TargetAttributes = {
					B6EE8E411C075AA700E06219 = {
						CreatedOnToolsVersion = 7.0.1;
					};
					B6EE8E551C075AA700E06219 = {
						CreatedOnToolsVersion = 7.0.1;
						TestTargetID = B6EE8E411C075AA700E06219;
					};
					B6EE8E601C075AA700E06219 = {
						CreatedOnToolsVersion = 7.0.1;
						TestTargetID = B6EE8E411C075AA700E06219;
					};
				};
			};
			buildConfigurationList = B6EE8E3D1C075AA700E06219 /* Build configuration list for PBXProject "SocialSharingFun" */;
			compatibilityVersion = "Xcode 3.2";
			developmentRegion = English;
			hasScannedForEncodings = 0;
			knownRegions = (
				en,
				Base,
			);
			mainGroup = B6EE8E391C075AA700E06219;
			productRefGroup = B6EE8E431C075AA700E06219 /* Products */;
			projectDirPath = "";
			projectRoot = "";
			targets = (
				B6EE8E411C075AA700E06219 /* SocialSharingFun */,
				B6EE8E551C075AA700E06219 /* SocialSharingFunTests */,
				B6EE8E601C075AA700E06219 /* SocialSharingFunUITests */,
			);
		};
/* End PBXProject section */

/* Begin PBXResourcesBuildPhase section */
		B6EE8E401C075AA700E06219 /* Resources */ = {
			isa = PBXResourcesBuildPhase;
			buildActionMask = 2147483647;
			files = (
				B6EE8E7C1C076D7700E06219 /* TwitterKitResources.bundle in Resources */,
				B6EE8E501C075AA700E06219 /* LaunchScreen.storyboard in Resources */,
				B6EE8E4D1C075AA700E06219 /* Assets.xcassets in Resources */,
				B6EE8E4B1C075AA700E06219 /* Main.storyboard in Resources */,
			);
			runOnlyForDeploymentPostprocessing = 0;
		};
		B6EE8E541C075AA700E06219 /* Resources */ = {
			isa = PBXResourcesBuildPhase;
			buildActionMask = 2147483647;
			files = (
			);
			runOnlyForDeploymentPostprocessing = 0;
		};
		B6EE8E5F1C075AA700E06219 /* Resources */ = {
			isa = PBXResourcesBuildPhase;
			buildActionMask = 2147483647;
			files = (
			);
			runOnlyForDeploymentPostprocessing = 0;
		};
/* End PBXResourcesBuildPhase section */

/* Begin PBXShellScriptBuildPhase section */
		B6EE8E751C076CF200E06219 /* ShellScript */ = {
			isa = PBXShellScriptBuildPhase;
			buildActionMask = 2147483647;
			files = (
			);
			inputPaths = (
			);
			outputPaths = (
			);
			runOnlyForDeploymentPostprocessing = 0;
			shellPath = /bin/sh;
			shellScript = "./Fabric.framework/run b0b1b8eb6e593b0c56f3f4b0253a39cd57e7e3a5 198b0a2bded636a54e34cc28a2bb71d2f29c21493b8fe166807e5a2c35aa4cb8";
		};
/* End PBXShellScriptBuildPhase section */

/* Begin PBXSourcesBuildPhase section */
		B6EE8E3E1C075AA700E06219 /* Sources */ = {
			isa = PBXSourcesBuildPhase;
			buildActionMask = 2147483647;
			files = (
				B6EE8E481C075AA700E06219 /* ViewController.swift in Sources */,
				B6EE8E461C075AA700E06219 /* AppDelegate.swift in Sources */,
			);
			runOnlyForDeploymentPostprocessing = 0;
		};
		B6EE8E521C075AA700E06219 /* Sources */ = {
			isa = PBXSourcesBuildPhase;
			buildActionMask = 2147483647;
			files = (
				B6EE8E5B1C075AA700E06219 /* SocialSharingFunTests.swift in Sources */,
			);
			runOnlyForDeploymentPostprocessing = 0;
		};
		B6EE8E5D1C075AA700E06219 /* Sources */ = {
			isa = PBXSourcesBuildPhase;
			buildActionMask = 2147483647;
			files = (
				B6EE8E661C075AA700E06219 /* SocialSharingFunUITests.swift in Sources */,
			);
			runOnlyForDeploymentPostprocessing = 0;
		};
/* End PBXSourcesBuildPhase section */

/* Begin PBXTargetDependency section */
		B6EE8E581C075AA700E06219 /* PBXTargetDependency */ = {
			isa = PBXTargetDependency;
			target = B6EE8E411C075AA700E06219 /* SocialSharingFun */;
			targetProxy = B6EE8E571C075AA700E06219 /* PBXContainerItemProxy */;
		};
		B6EE8E631C075AA700E06219 /* PBXTargetDependency */ = {
			isa = PBXTargetDependency;
			target = B6EE8E411C075AA700E06219 /* SocialSharingFun */;
			targetProxy = B6EE8E621C075AA700E06219 /* PBXContainerItemProxy */;
		};
/* End PBXTargetDependency section */

/* Begin PBXVariantGroup section */
		B6EE8E491C075AA700E06219 /* Main.storyboard */ = {
			isa = PBXVariantGroup;
			children = (
				B6EE8E4A1C075AA700E06219 /* Base */,
			);
			name = Main.storyboard;
			sourceTree = "<group>";
		};
		B6EE8E4E1C075AA700E06219 /* LaunchScreen.storyboard */ = {
			isa = PBXVariantGroup;
			children = (
				B6EE8E4F1C075AA700E06219 /* Base */,
			);
			name = LaunchScreen.storyboard;
			sourceTree = "<group>";
		};
/* End PBXVariantGroup section */

/* Begin XCBuildConfiguration section */
		B6EE8E681C075AA700E06219 /* Debug */ = {
			isa = XCBuildConfiguration;
			buildSettings = {
				ALWAYS_SEARCH_USER_PATHS = NO;
				CLANG_CXX_LANGUAGE_STANDARD = "gnu++0x";
				CLANG_CXX_LIBRARY = "libc++";
				CLANG_ENABLE_MODULES = YES;
				CLANG_ENABLE_OBJC_ARC = YES;
				CLANG_WARN_BOOL_CONVERSION = YES;
				CLANG_WARN_CONSTANT_CONVERSION = YES;
				CLANG_WARN_DIRECT_OBJC_ISA_USAGE = YES_ERROR;
				CLANG_WARN_EMPTY_BODY = YES;
				CLANG_WARN_ENUM_CONVERSION = YES;
				CLANG_WARN_INT_CONVERSION = YES;
				CLANG_WARN_OBJC_ROOT_CLASS = YES_ERROR;
				CLANG_WARN_UNREACHABLE_CODE = YES;
				CLANG_WARN__DUPLICATE_METHOD_MATCH = YES;
				"CODE_SIGN_IDENTITY[sdk=iphoneos*]" = "iPhone Developer";
				COPY_PHASE_STRIP = NO;
				DEBUG_INFORMATION_FORMAT = dwarf;
				ENABLE_STRICT_OBJC_MSGSEND = YES;
				ENABLE_TESTABILITY = YES;
				GCC_C_LANGUAGE_STANDARD = gnu99;
				GCC_DYNAMIC_NO_PIC = NO;
				GCC_NO_COMMON_BLOCKS = YES;
				GCC_OPTIMIZATION_LEVEL = 0;
				GCC_PREPROCESSOR_DEFINITIONS = (
					"DEBUG=1",
					"$(inherited)",
				);
				GCC_WARN_64_TO_32_BIT_CONVERSION = YES;
				GCC_WARN_ABOUT_RETURN_TYPE = YES_ERROR;
				GCC_WARN_UNDECLARED_SELECTOR = YES;
				GCC_WARN_UNINITIALIZED_AUTOS = YES_AGGRESSIVE;
				GCC_WARN_UNUSED_FUNCTION = YES;
				GCC_WARN_UNUSED_VARIABLE = YES;
				IPHONEOS_DEPLOYMENT_TARGET = 9.0;
				MTL_ENABLE_DEBUG_INFO = YES;
				ONLY_ACTIVE_ARCH = YES;
				SDKROOT = iphoneos;
				SWIFT_OPTIMIZATION_LEVEL = "-Onone";
				TARGETED_DEVICE_FAMILY = "1,2";
			};
			name = Debug;
		};
		B6EE8E691C075AA700E06219 /* Release */ = {
			isa = XCBuildConfiguration;
			buildSettings = {
				ALWAYS_SEARCH_USER_PATHS = NO;
				CLANG_CXX_LANGUAGE_STANDARD = "gnu++0x";
				CLANG_CXX_LIBRARY = "libc++";
				CLANG_ENABLE_MODULES = YES;
				CLANG_ENABLE_OBJC_ARC = YES;
				CLANG_WARN_BOOL_CONVERSION = YES;
				CLANG_WARN_CONSTANT_CONVERSION = YES;
				CLANG_WARN_DIRECT_OBJC_ISA_USAGE = YES_ERROR;
				CLANG_WARN_EMPTY_BODY = YES;
				CLANG_WARN_ENUM_CONVERSION = YES;
				CLANG_WARN_INT_CONVERSION = YES;
				CLANG_WARN_OBJC_ROOT_CLASS = YES_ERROR;
				CLANG_WARN_UNREACHABLE_CODE = YES;
				CLANG_WARN__DUPLICATE_METHOD_MATCH = YES;
				"CODE_SIGN_IDENTITY[sdk=iphoneos*]" = "iPhone Developer";
				COPY_PHASE_STRIP = NO;
				DEBUG_INFORMATION_FORMAT = "dwarf-with-dsym";
				ENABLE_NS_ASSERTIONS = NO;
				ENABLE_STRICT_OBJC_MSGSEND = YES;
				GCC_C_LANGUAGE_STANDARD = gnu99;
				GCC_NO_COMMON_BLOCKS = YES;
				GCC_WARN_64_TO_32_BIT_CONVERSION = YES;
				GCC_WARN_ABOUT_RETURN_TYPE = YES_ERROR;
				GCC_WARN_UNDECLARED_SELECTOR = YES;
				GCC_WARN_UNINITIALIZED_AUTOS = YES_AGGRESSIVE;
				GCC_WARN_UNUSED_FUNCTION = YES;
				GCC_WARN_UNUSED_VARIABLE = YES;
				IPHONEOS_DEPLOYMENT_TARGET = 9.0;
				MTL_ENABLE_DEBUG_INFO = NO;
				SDKROOT = iphoneos;
				TARGETED_DEVICE_FAMILY = "1,2";
				VALIDATE_PRODUCT = YES;
			};
			name = Release;
		};
		B6EE8E6B1C075AA700E06219 /* Debug */ = {
			isa = XCBuildConfiguration;
			buildSettings = {
				ASSETCATALOG_COMPILER_APPICON_NAME = AppIcon;
				FRAMEWORK_SEARCH_PATHS = (
					"$(inherited)",
					"$(PROJECT_DIR)",
				);
				INFOPLIST_FILE = SocialSharingFun/Info.plist;
				LD_RUNPATH_SEARCH_PATHS = "$(inherited) @executable_path/Frameworks";
				PRODUCT_BUNDLE_IDENTIFIER = com.hconnery.SocialSharingFun;
				PRODUCT_NAME = "$(TARGET_NAME)";
			};
			name = Debug;
		};
		B6EE8E6C1C075AA700E06219 /* Release */ = {
			isa = XCBuildConfiguration;
			buildSettings = {
				ASSETCATALOG_COMPILER_APPICON_NAME = AppIcon;
				FRAMEWORK_SEARCH_PATHS = (
					"$(inherited)",
					"$(PROJECT_DIR)",
				);
				INFOPLIST_FILE = SocialSharingFun/Info.plist;
				LD_RUNPATH_SEARCH_PATHS = "$(inherited) @executable_path/Frameworks";
				PRODUCT_BUNDLE_IDENTIFIER = com.hconnery.SocialSharingFun;
				PRODUCT_NAME = "$(TARGET_NAME)";
			};
			name = Release;
		};
		B6EE8E6E1C075AA700E06219 /* Debug */ = {
			isa = XCBuildConfiguration;
			buildSettings = {
				BUNDLE_LOADER = "$(TEST_HOST)";
				INFOPLIST_FILE = SocialSharingFunTests/Info.plist;
				LD_RUNPATH_SEARCH_PATHS = "$(inherited) @executable_path/Frameworks @loader_path/Frameworks";
				PRODUCT_BUNDLE_IDENTIFIER = com.hconnery.SocialSharingFunTests;
				PRODUCT_NAME = "$(TARGET_NAME)";
				TEST_HOST = "$(BUILT_PRODUCTS_DIR)/SocialSharingFun.app/SocialSharingFun";
			};
			name = Debug;
		};
		B6EE8E6F1C075AA700E06219 /* Release */ = {
			isa = XCBuildConfiguration;
			buildSettings = {
				BUNDLE_LOADER = "$(TEST_HOST)";
				INFOPLIST_FILE = SocialSharingFunTests/Info.plist;
				LD_RUNPATH_SEARCH_PATHS = "$(inherited) @executable_path/Frameworks @loader_path/Frameworks";
				PRODUCT_BUNDLE_IDENTIFIER = com.hconnery.SocialSharingFunTests;
				PRODUCT_NAME = "$(TARGET_NAME)";
				TEST_HOST = "$(BUILT_PRODUCTS_DIR)/SocialSharingFun.app/SocialSharingFun";
			};
			name = Release;
		};
		B6EE8E711C075AA700E06219 /* Debug */ = {
			isa = XCBuildConfiguration;
			buildSettings = {
				INFOPLIST_FILE = SocialSharingFunUITests/Info.plist;
				LD_RUNPATH_SEARCH_PATHS = "$(inherited) @executable_path/Frameworks @loader_path/Frameworks";
				PRODUCT_BUNDLE_IDENTIFIER = com.hconnery.SocialSharingFunUITests;
				PRODUCT_NAME = "$(TARGET_NAME)";
				TEST_TARGET_NAME = SocialSharingFun;
				USES_XCTRUNNER = YES;
			};
			name = Debug;
		};
		B6EE8E721C075AA700E06219 /* Release */ = {
			isa = XCBuildConfiguration;
			buildSettings = {
				INFOPLIST_FILE = SocialSharingFunUITests/Info.plist;
				LD_RUNPATH_SEARCH_PATHS = "$(inherited) @executable_path/Frameworks @loader_path/Frameworks";
				PRODUCT_BUNDLE_IDENTIFIER = com.hconnery.SocialSharingFunUITests;
				PRODUCT_NAME = "$(TARGET_NAME)";
				TEST_TARGET_NAME = SocialSharingFun;
				USES_XCTRUNNER = YES;
			};
			name = Release;
		};
/* End XCBuildConfiguration section */

/* Begin XCConfigurationList section */
		B6EE8E3D1C075AA700E06219 /* Build configuration list for PBXProject "SocialSharingFun" */ = {
			isa = XCConfigurationList;
			buildConfigurations = (
				B6EE8E681C075AA700E06219 /* Debug */,
				B6EE8E691C075AA700E06219 /* Release */,
			);
			defaultConfigurationIsVisible = 0;
			defaultConfigurationName = Release;
		};
		B6EE8E6A1C075AA700E06219 /* Build configuration list for PBXNativeTarget "SocialSharingFun" */ = {
			isa = XCConfigurationList;
			buildConfigurations = (
				B6EE8E6B1C075AA700E06219 /* Debug */,
				B6EE8E6C1C075AA700E06219 /* Release */,
			);
			defaultConfigurationIsVisible = 0;
		};
		B6EE8E6D1C075AA700E06219 /* Build configuration list for PBXNativeTarget "SocialSharingFunTests" */ = {
			isa = XCConfigurationList;
			buildConfigurations = (
				B6EE8E6E1C075AA700E06219 /* Debug */,
				B6EE8E6F1C075AA700E06219 /* Release */,
			);
			defaultConfigurationIsVisible = 0;
		};
		B6EE8E701C075AA700E06219 /* Build configuration list for PBXNativeTarget "SocialSharingFunUITests" */ = {
			isa = XCConfigurationList;
			buildConfigurations = (
				B6EE8E711C075AA700E06219 /* Debug */,
				B6EE8E721C075AA700E06219 /* Release */,
			);
			defaultConfigurationIsVisible = 0;
		};
/* End XCConfigurationList section */
	};
	rootObject = B6EE8E3A1C075AA700E06219 /* Project object */;
}
